
Microsoft Visual Studio Solution File, Format Version 12.00
# Visual Studio Version 17
VisualStudioVersion = 17.3.32825.248
MinimumVisualStudioVersion = 10.0.40219.1
Project("{FAE04EC0-301F-11D3-BF4B-00C04F79EFBC}") = "DessignPattern6", "DessignPattern6\DessignPattern6.csproj", "{02E4C7DD-CA8C-4A31-A473-E32496BEF402}"
EndProject
Project("{FAE04EC0-301F-11D3-BF4B-00C04F79EFBC}") = "ProxyPattern", "ProxyPattern\ProxyPattern.csproj", "{F9149AF0-AA5D-4653-93F3-77AC42E48A95}"
EndProject
Project("{FAE04EC0-301F-11D3-BF4B-00C04F79EFBC}") = "FlyWeightPattern", "FlyWeightPattern\FlyWeightPattern.csproj", "{657B3B8F-B358-4BBB-AE9C-36299B28F7E3}"
EndProject
Global
	GlobalSection(SolutionConfigurationPlatforms) = preSolution
		Debug|Any CPU = Debug|Any CPU
		Release|Any CPU = Release|Any CPU
	EndGlobalSection
	GlobalSection(ProjectConfigurationPlatforms) = postSolution
		{02E4C7DD-CA8C-4A31-A473-E32496BEF402}.Debug|Any CPU.ActiveCfg = Debug|Any CPU
		{02E4C7DD-CA8C-4A31-A473-E32496BEF402}.Debug|Any CPU.Build.0 = Debug|Any CPU
		{02E4C7DD-CA8C-4A31-A473-E32496BEF402}.Release|Any CPU.ActiveCfg = Release|Any CPU
		{02E4C7DD-CA8C-4A31-A473-E32496BEF402}.Release|Any CPU.Build.0 = Release|Any CPU
		{F9149AF0-AA5D-4653-93F3-77AC42E48A95}.Debug|Any CPU.ActiveCfg = Debug|Any CPU
		{F9149AF0-AA5D-4653-93F3-77AC42E48A95}.Debug|Any CPU.Build.0 = Debug|Any CPU
		{F9149AF0-AA5D-4653-93F3-77AC42E48A95}.Release|Any CPU.ActiveCfg = Release|Any CPU
		{F9149AF0-AA5D-4653-93F3-77AC42E48A95}.Release|Any CPU.Build.0 = Release|Any CPU
		{657B3B8F-B358-4BBB-AE9C-36299B28F7E3}.Debug|Any CPU.ActiveCfg = Debug|Any CPU
		{657B3B8F-B358-4BBB-AE9C-36299B28F7E3}.Debug|Any CPU.Build.0 = Debug|Any CPU
		{657B3B8F-B358-4BBB-AE9C-36299B28F7E3}.Release|Any CPU.ActiveCfg = Release|Any CPU
		{657B3B8F-B358-4BBB-AE9C-36299B28F7E3}.Release|Any CPU.Build.0 = Release|Any CPU
	EndGlobalSection
	GlobalSection(SolutionProperties) = preSolution
		HideSolutionNode = FALSE
	EndGlobalSection
	GlobalSection(ExtensibilityGlobals) = postSolution
		SolutionGuid = {A392E975-1286-4E56-AA7F-C8FD6DB58203}
	EndGlobalSection
EndGlobal
